{
  "name": "blog",
  "version": "1.0.0",
  "lockfileVersion": 1,
  "requires": true,
  "dependencies": {
    "balanced-match": {
      "version": "1.0.0",
      "resolved": "https://registry.npmjs.org/balanced-match/-/balanced-match-1.0.0.tgz",
      "integrity": "sha1-ibTRmasr7kneFk6gK4nORi1xt2c="
    },
    "brace-expansion": {
      "version": "1.1.11",
      "resolved": "https://registry.npmjs.org/brace-expansion/-/brace-expansion-1.1.11.tgz",
      "integrity": "sha512-iCuPHDFgrHX7H2vEI/5xpz07zSHB00TpugqhmYtVmMO6518mCuRMoOYFldEBl0g187ufozdaHgWKcYFb61qGiA==",
      "requires": {
        "balanced-match": "^1.0.0",
        "concat-map": "0.0.1"
      }
    },
    "concat-map": {
      "version": "0.0.1",
      "resolved": "https://registry.npmjs.org/concat-map/-/concat-map-0.0.1.tgz",
      "integrity": "sha1-2Klr13/Wjfd5OnMDajug1UBdR3s="
    },
    "escape-string-regexp": {
      "version": "1.0.5",
      "resolved": "https://registry.npmjs.org/escape-string-regexp/-/escape-string-regexp-1.0.5.tgz",
      "integrity": "sha1-G2HAViGQqN/2rjuyzwIAyhMLhtQ="
    },
    "inherits-ex": {
      "version": "1.2.3",
      "resolved": "https://registry.npmjs.org/inherits-ex/-/inherits-ex-1.2.3.tgz",
      "integrity": "sha512-DCZqD7BpjXqaha8IKcoAE3ZZr6Hi12ropV1h+3pBnirE14mNRwLuYySvYxUSBemTQ40SjAxPL8BTk2Xw/3IF9w==",
      "requires": {
        "xtend": "^4.0.0"
      }
    },
    "media-typer": {
      "version": "0.3.0",
      "resolved": "https://registry.npmjs.org/media-typer/-/media-typer-0.3.0.tgz",
      "integrity": "sha1-hxDXrwqmJvj/+hzgAWhUUmMlV0g="
    },
    "mime": {
      "version": "2.3.1",
      "resolved": "https://registry.npmjs.org/mime/-/mime-2.3.1.tgz",
      "integrity": "sha512-OEUllcVoydBHGN1z84yfQDimn58pZNNNXgZlHXSboxMlFvgI6MXSWpWKpFRra7H1HxpVhHTkrghfRW49k6yjeg==",
      "dev": true
    },
    "mime-db": {
      "version": "1.36.0",
      "resolved": "https://registry.npmjs.org/mime-db/-/mime-db-1.36.0.tgz",
      "integrity": "sha512-L+xvyD9MkoYMXb1jAmzI/lWYAxAMCPvIBSWur0PZ5nOf5euahRLVqH//FKW9mWp2lkqUgYiXPgkzfMUFi4zVDw=="
    },
    "mime-type": {
      "version": "3.0.5",
      "resolved": "https://registry.npmjs.org/mime-type/-/mime-type-3.0.5.tgz",
      "integrity": "sha1-ftKSan2oImifgSVPWYf+lQNiLpo=",
      "requires": {
        "media-typer": "^0.3.0",
        "minimatch": "^3.0.4",
        "path.js": "^1.0.7",
        "util-ex": "^0.3.15"
      }
    },
    "mime-types": {
      "version": "2.1.20",
      "resolved": "https://registry.npmjs.org/mime-types/-/mime-types-2.1.20.tgz",
      "integrity": "sha512-HrkrPaP9vGuWbLK1B1FfgAkbqNjIuy4eHlIYnFi7kamZyLLrGlo2mpcx0bBmNpKqBtYtAfGbodDddIgddSJC2A==",
      "requires": {
        "mime-db": "~1.36.0"
      }
    },
    "minimatch": {
      "version": "3.0.4",
      "resolved": "https://registry.npmjs.org/minimatch/-/minimatch-3.0.4.tgz",
      "integrity": "sha512-yJHVQEhyqPLUTgt9B83PXu6W3rx4MvvHvSUvToogpwoGDOUQ+yDrR0HRot+yOCdCO7u4hX3pWft6kWBBcqh0UA==",
      "requires": {
        "brace-expansion": "^1.1.7"
      }
    },
    "path.js": {
      "version": "1.0.7",
      "resolved": "https://registry.npmjs.org/path.js/-/path.js-1.0.7.tgz",
      "integrity": "sha1-fRNrYH3hm/2YugaIdJJih+ZTSTk=",
      "requires": {
        "escape-string-regexp": "^1.0.3",
        "inherits-ex": "^1.1.2",
        "util-ex": "^0.3.10"
      }
    },
    "util-ex": {
      "version": "0.3.15",
      "resolved": "https://registry.npmjs.org/util-ex/-/util-ex-0.3.15.tgz",
      "integrity": "sha1-+SYc2hPEMn0HQMvme+Eife2LAFg=",
      "requires": {
        "inherits-ex": "^1.1.2",
        "xtend": "^4.0.0"
      }
    },
    "xtend": {
      "version": "4.0.1",
      "resolved": "https://registry.npmjs.org/xtend/-/xtend-4.0.1.tgz",
      "integrity": "sha1-pcbVMr5lbiPbgg77lDofBJmNY68="
    }
  }
}
